
Microsoft Visual Studio Solution File, Format Version 12.00
# Visual Studio 2013
VisualStudioVersion = 12.0.31101.0
MinimumVisualStudioVersion = 10.0.40219.1
Project("{FAE04EC0-301F-11D3-BF4B-00C04F79EFBC}") = "Горводоканал(ASP.NET Application)", "ASP.NET\Горводоканал(ASP.NET Application).csproj", "{06424D4E-602B-4A5C-A85B-469CAE448C19}"
EndProject
Project("{FAE04EC0-301F-11D3-BF4B-00C04F79EFBC}") = "Горводоканал(BusinessServers)", "BusinessServers\Горводоканал(BusinessServers).csproj", "{189E6703-E825-4836-9F37-1DB67046DF52}"
EndProject
Project("{FAE04EC0-301F-11D3-BF4B-00C04F79EFBC}") = "Горводоканал(BusinessServersBF)", "BusinessServersBF\Горводоканал(BusinessServersBF).csproj", "{218D6834-8199-4C82-A7DA-83BD32A58B2D}"
EndProject
Project("{FAE04EC0-301F-11D3-BF4B-00C04F79EFBC}") = "Горводоканал(Objects)", "Objects\Горводоканал(Objects).csproj", "{BF901FBF-622F-4893-B01A-CFA5C1B72613}"
EndProject
Global
	GlobalSection(SolutionConfigurationPlatforms) = preSolution
Debug|Any CPU = Debug|Any CPU
Release|Any CPU = Release|Any CPU
	EndGlobalSection
	GlobalSection(ProjectConfigurationPlatforms) = postSolution
		{06424D4E-602B-4A5C-A85B-469CAE448C19}.Debug|Any CPU.ActiveCfg = Debug|Any CPU
		{06424D4E-602B-4A5C-A85B-469CAE448C19}.Debug|Any CPU.Build.0 = Debug|Any CPU
		{06424D4E-602B-4A5C-A85B-469CAE448C19}.Release|Any CPU.ActiveCfg = Release|Any CPU
		{06424D4E-602B-4A5C-A85B-469CAE448C19}.Release|Any CPU.Build.0 = Release|Any CPU
		{189E6703-E825-4836-9F37-1DB67046DF52}.Debug|Any CPU.ActiveCfg = Debug|Any CPU
		{189E6703-E825-4836-9F37-1DB67046DF52}.Debug|Any CPU.Build.0 = Debug|Any CPU
		{189E6703-E825-4836-9F37-1DB67046DF52}.Release|Any CPU.ActiveCfg = Release|Any CPU
		{189E6703-E825-4836-9F37-1DB67046DF52}.Release|Any CPU.Build.0 = Release|Any CPU
		{218D6834-8199-4C82-A7DA-83BD32A58B2D}.Debug|Any CPU.ActiveCfg = Debug|Any CPU
		{218D6834-8199-4C82-A7DA-83BD32A58B2D}.Debug|Any CPU.Build.0 = Debug|Any CPU
		{218D6834-8199-4C82-A7DA-83BD32A58B2D}.Release|Any CPU.ActiveCfg = Release|Any CPU
		{218D6834-8199-4C82-A7DA-83BD32A58B2D}.Release|Any CPU.Build.0 = Release|Any CPU
		{BF901FBF-622F-4893-B01A-CFA5C1B72613}.Debug|Any CPU.ActiveCfg = Debug|Any CPU
		{BF901FBF-622F-4893-B01A-CFA5C1B72613}.Debug|Any CPU.Build.0 = Debug|Any CPU
		{BF901FBF-622F-4893-B01A-CFA5C1B72613}.Release|Any CPU.ActiveCfg = Release|Any CPU
		{BF901FBF-622F-4893-B01A-CFA5C1B72613}.Release|Any CPU.Build.0 = Release|Any CPU
	EndGlobalSection
	GlobalSection(SolutionProperties) = preSolution
		HideSolutionNode = FALSE
	EndGlobalSection
EndGlobal
